
Microsoft Visual Studio Solution File, Format Version 12.00
# Visual Studio 15
VisualStudioVersion = 15.0.28010.2046
MinimumVisualStudioVersion = 10.0.40219.1
Project("{FAE04EC0-301F-11D3-BF4B-00C04F79EFBC}") = "WindowsFormsApp7", "WindowsFormsApp7\WindowsFormsApp7.csproj", "{EA32AF0E-7BA6-4211-9289-901B97BCBCD2}"
EndProject
Global
	GlobalSection(SolutionConfigurationPlatforms) = preSolution
		Debug|Any CPU = Debug|Any CPU
		Release|Any CPU = Release|Any CPU
	EndGlobalSection
	GlobalSection(ProjectConfigurationPlatforms) = postSolution
		{EA32AF0E-7BA6-4211-9289-901B97BCBCD2}.Debug|Any CPU.ActiveCfg = Debug|Any CPU
		{EA32AF0E-7BA6-4211-9289-901B97BCBCD2}.Debug|Any CPU.Build.0 = Debug|Any CPU
		{EA32AF0E-7BA6-4211-9289-901B97BCBCD2}.Release|Any CPU.ActiveCfg = Release|Any CPU
		{EA32AF0E-7BA6-4211-9289-901B97BCBCD2}.Release|Any CPU.Build.0 = Release|Any CPU
	EndGlobalSection
	GlobalSection(SolutionProperties) = preSolution
		HideSolutionNode = FALSE
	EndGlobalSection
	GlobalSection(ExtensibilityGlobals) = postSolution
		SolutionGuid = {5AA2D6F6-CE8E-4CC4-AC07-2723D1247047}
	EndGlobalSection
EndGlobal
