
Microsoft Visual Studio Solution File, Format Version 12.00
# Visual Studio 15
VisualStudioVersion = 15.0.28010.2046
MinimumVisualStudioVersion = 10.0.40219.1
Project("{FAE04EC0-301F-11D3-BF4B-00C04F79EFBC}") = "WindowsFormsApp3", "WindowsFormsApp3\WindowsFormsApp3.csproj", "{714676BA-818A-40C6-9F2A-642D091972D9}"
EndProject
Global
	GlobalSection(SolutionConfigurationPlatforms) = preSolution
		Debug|Any CPU = Debug|Any CPU
		Release|Any CPU = Release|Any CPU
	EndGlobalSection
	GlobalSection(ProjectConfigurationPlatforms) = postSolution
		{714676BA-818A-40C6-9F2A-642D091972D9}.Debug|Any CPU.ActiveCfg = Debug|Any CPU
		{714676BA-818A-40C6-9F2A-642D091972D9}.Debug|Any CPU.Build.0 = Debug|Any CPU
		{714676BA-818A-40C6-9F2A-642D091972D9}.Release|Any CPU.ActiveCfg = Release|Any CPU
		{714676BA-818A-40C6-9F2A-642D091972D9}.Release|Any CPU.Build.0 = Release|Any CPU
	EndGlobalSection
	GlobalSection(SolutionProperties) = preSolution
		HideSolutionNode = FALSE
	EndGlobalSection
	GlobalSection(ExtensibilityGlobals) = postSolution
		SolutionGuid = {AFD04D91-1528-4059-9CD0-9AEA2B1CBF83}
	EndGlobalSection
EndGlobal
